
Microsoft Visual Studio Solution File, Format Version 12.00
# Visual Studio Version 17
VisualStudioVersion = 17.6.33815.320
MinimumVisualStudioVersion = 10.0.40219.1
Project("{FAE04EC0-301F-11D3-BF4B-00C04F79EFBC}") = "LearningC#", "LearningC#\LearningC#.csproj", "{1940931D-99F4-4E47-9672-825D7E1C0CEF}"
EndProject
Global
	GlobalSection(SolutionConfigurationPlatforms) = preSolution
		Debug|Any CPU = Debug|Any CPU
		Release|Any CPU = Release|Any CPU
	EndGlobalSection
	GlobalSection(ProjectConfigurationPlatforms) = postSolution
		{1940931D-99F4-4E47-9672-825D7E1C0CEF}.Debug|Any CPU.ActiveCfg = Debug|Any CPU
		{1940931D-99F4-4E47-9672-825D7E1C0CEF}.Debug|Any CPU.Build.0 = Debug|Any CPU
		{1940931D-99F4-4E47-9672-825D7E1C0CEF}.Release|Any CPU.ActiveCfg = Release|Any CPU
		{1940931D-99F4-4E47-9672-825D7E1C0CEF}.Release|Any CPU.Build.0 = Release|Any CPU
	EndGlobalSection
	GlobalSection(SolutionProperties) = preSolution
		HideSolutionNode = FALSE
	EndGlobalSection
	GlobalSection(ExtensibilityGlobals) = postSolution
		SolutionGuid = {2F8E2425-4D86-45AF-9C66-5FD00DF4ABD3}
	EndGlobalSection
EndGlobal
